<?xml version="1.0" encoding="utf-8"?>
<Project ToolsVersion="4.0" xmlns="http://schemas.microsoft.com/developer/msbuild/2003">
  <ItemGroup>
    <Filter Include="Source Files">
      <UniqueIdentifier>{4FC737F1-C7A5-4376-A066-2A32D752A2FF}</UniqueIdentifier>
      <Extensions>cpp;c;cc;cxx;def;odl;idl;hpj;bat;asm;asmx</Extensions>
    </Filter>
    <Filter Include="Header Files">
      <UniqueIdentifier>{93995380-89BD-4b04-88EB-625FBE52EBFB}</UniqueIdentifier>
      <Extensions>h;hh;hpp;hxx;hm;inl;inc;xsd</Extensions>
    </Filter>
    <Filter Include="Resource Files">
      <UniqueIdentifier>{D9D6E242-F8AF-46E4-B9FD-80ECBC20BA3E}</UniqueIdentifier>
      <Extensions>qrc;*</Extensions>
      <ParseFiles>false</ParseFiles>
    </Filter>
    <Filter Include="Form Files">
      <UniqueIdentifier>{99349809-55BA-4b9d-BF79-8FDBB0286EB3}</UniqueIdentifier>
      <Extensions>ui</Extensions>
    </Filter>
    <Filter Include="Resource Files">
      <UniqueIdentifier>{D9D6E242-F8AF-46E4-B9FD-80ECBC20BA3E}</UniqueIdentifier>
      <Extensions>qrc;*</Extensions>
      <ParseFiles>false</ParseFiles>
    </Filter>
    <Filter Include="Generated Files">
      <UniqueIdentifier>{71ED8ED8-ACB9-4CE9-BBE1-E00B30144E11}</UniqueIdentifier>
      <Extensions>moc;h;cpp</Extensions>
      <SourceControlFiles>False</SourceControlFiles>
    </Filter>
    <Filter Include="Generated Files\Debug">
      <UniqueIdentifier>{95894945-73dc-42b4-b2a5-e0ec8a43a5e6}</UniqueIdentifier>
      <Extensions>cpp;moc</Extensions>
      <SourceControlFiles>False</SourceControlFiles>
    </Filter>
    <Filter Include="Generated Files\Release">
      <UniqueIdentifier>{48f6e1af-cc19-49fd-be76-006188139e41}</UniqueIdentifier>
      <Extensions>cpp;moc</Extensions>
      <SourceControlFiles>False</SourceControlFiles>
    </Filter>
    <Filter Include="Translation Files">
      <UniqueIdentifier>{639EADAA-A684-42e4-A9AD-28FC9BCB8F7C}</UniqueIdentifier>
      <Extensions>ts</Extensions>
      <ParseFiles>false</ParseFiles>
    </Filter>
  </ItemGroup>
  <ItemGroup>
    <ClCompile Include="main.cpp">
      <Filter>Source Files</Filter>
    </ClCompile>
    <ClCompile Include="FrmPrincipal.cpp">
      <Filter>Source Files</Filter>
    </ClCompile>
    <ClCompile Include="GeneratedFiles\Debug\moc_FrmPrincipal.cpp">
      <Filter>Generated Files\Debug</Filter>
    </ClCompile>
    <ClCompile Include="GeneratedFiles\Release\moc_FrmPrincipal.cpp">
      <Filter>Generated Files\Release</Filter>
    </ClCompile>
    <ClCompile Include="GeneratedFiles\qrc_resource.cpp">
      <Filter>Generated Files</Filter>
    </ClCompile>
    <ClCompile Include="FrmCadExtensao.cpp">
      <Filter>Source Files</Filter>
    </ClCompile>
    <ClCompile Include="GeneratedFiles\Debug\moc_FrmCadExtensao.cpp">
      <Filter>Generated Files\Debug</Filter>
    </ClCompile>
    <ClCompile Include="GeneratedFiles\Release\moc_FrmCadExtensao.cpp">
      <Filter>Generated Files\Release</Filter>
    </ClCompile>
    <ClCompile Include="FrmCompararDiretorio.cpp">
      <Filter>Source Files</Filter>
    </ClCompile>
    <ClCompile Include="GeneratedFiles\Debug\moc_FrmCompararDiretorio.cpp">
      <Filter>Generated Files\Debug</Filter>
    </ClCompile>
    <ClCompile Include="GeneratedFiles\Release\moc_FrmCompararDiretorio.cpp">
      <Filter>Generated Files\Release</Filter>
    </ClCompile>
    <ClCompile Include="FrmImportarDiretorio.cpp">
      <Filter>Source Files</Filter>
    </ClCompile>
    <ClCompile Include="GeneratedFiles\Debug\moc_FrmImportarDiretorio.cpp">
      <Filter>Generated Files\Debug</Filter>
    </ClCompile>
    <ClCompile Include="GeneratedFiles\Release\moc_FrmImportarDiretorio.cpp">
      <Filter>Generated Files\Release</Filter>
    </ClCompile>
    <ClCompile Include="FrmInfoDiretorio.cpp">
      <Filter>Source Files</Filter>
    </ClCompile>
    <ClCompile Include="GeneratedFiles\Debug\moc_FrmInfoDiretorio.cpp">
      <Filter>Generated Files\Debug</Filter>
    </ClCompile>
    <ClCompile Include="GeneratedFiles\Release\moc_FrmInfoDiretorio.cpp">
      <Filter>Generated Files\Release</Filter>
    </ClCompile>
    <ClCompile Include="FrmSobre.cpp">
      <Filter>Source Files</Filter>
    </ClCompile>
    <ClCompile Include="GeneratedFiles\Debug\moc_FrmSobre.cpp">
      <Filter>Generated Files\Debug</Filter>
    </ClCompile>
    <ClCompile Include="GeneratedFiles\Release\moc_FrmSobre.cpp">
      <Filter>Generated Files\Release</Filter>
    </ClCompile>
    <ClCompile Include="FrmSplash.cpp">
      <Filter>Source Files</Filter>
    </ClCompile>
    <ClCompile Include="GeneratedFiles\Debug\moc_FrmSplash.cpp">
      <Filter>Generated Files\Debug</Filter>
    </ClCompile>
    <ClCompile Include="GeneratedFiles\Release\moc_FrmSplash.cpp">
      <Filter>Generated Files\Release</Filter>
    </ClCompile>
    <ClCompile Include="hfsguardadir\catalogador\Catalogador.cpp">
      <Filter>Source Files</Filter>
    </ClCompile>
    <ClCompile Include="hfsguardadir\catalogador\RotuloRaiz.cpp">
      <Filter>Source Files</Filter>
    </ClCompile>
    <ClCompile Include="hfsguardadir\comum\DiretorioXML.cpp">
      <Filter>Source Files</Filter>
    </ClCompile>
    <ClCompile Include="hfsguardadir\comum\Rotinas.cpp">
      <Filter>Source Files</Filter>
    </ClCompile>
    <ClCompile Include="hfsguardadir\objetos\Aba.cpp">
      <Filter>Source Files</Filter>
    </ClCompile>
    <ClCompile Include="hfsguardadir\objetos\Arquivo.cpp">
      <Filter>Source Files</Filter>
    </ClCompile>
    <ClCompile Include="hfsguardadir\objetos\ConexaoParams.cpp">
      <Filter>Source Files</Filter>
    </ClCompile>
    <ClCompile Include="hfsguardadir\objetos\Diretorio.cpp">
      <Filter>Source Files</Filter>
    </ClCompile>
    <ClCompile Include="hfsguardadir\objetos\DiretorioOrdem.cpp">
      <Filter>Source Files</Filter>
    </ClCompile>
    <ClCompile Include="hfsguardadir\objetos\Extensao.cpp">
      <Filter>Source Files</Filter>
    </ClCompile>
    <ClCompile Include="hfsguardadir\objetos\Importar.cpp">
      <Filter>Source Files</Filter>
    </ClCompile>
    <ClCompile Include="hfsguardadir\objetos\Tipo.cpp">
      <Filter>Source Files</Filter>
    </ClCompile>
    <ClCompile Include="hfsguardadir\objetosbo\AbaBO.cpp">
      <Filter>Source Files</Filter>
    </ClCompile>
    <ClCompile Include="hfsguardadir\objetosbo\DiretorioBO.cpp">
      <Filter>Source Files</Filter>
    </ClCompile>
    <ClCompile Include="hfsguardadir\objetosbo\ExtensaoBO.cpp">
      <Filter>Source Files</Filter>
    </ClCompile>
    <ClCompile Include="hfsguardadir\objetosbo\ImportarBO.cpp">
      <Filter>Source Files</Filter>
    </ClCompile>
    <ClCompile Include="hfsguardadir\objetosdao\AbaDAO.cpp">
      <Filter>Source Files</Filter>
    </ClCompile>
    <ClCompile Include="hfsguardadir\objetosdao\DiretorioDAO.cpp">
      <Filter>Source Files</Filter>
    </ClCompile>
    <ClCompile Include="hfsguardadir\objetosdao\ExtensaoDAO.cpp">
      <Filter>Source Files</Filter>
    </ClCompile>
    <ClCompile Include="hfsguardadir\objetosdao\VisaoDAO.cpp">
      <Filter>Source Files</Filter>
    </ClCompile>
    <ClCompile Include="hfsguardadir\objetosgui\Arvore.cpp">
      <Filter>Source Files</Filter>
    </ClCompile>
    <ClCompile Include="hfsguardadir\objetosgui\Dialogo.cpp">
      <Filter>Source Files</Filter>
    </ClCompile>
    <ClCompile Include="hfsguardadir\objetosgui\EscolhaArquivo.cpp">
      <Filter>Source Files</Filter>
    </ClCompile>
    <ClCompile Include="hfsguardadir\objetosgui\Tabela.cpp">
      <Filter>Source Files</Filter>
    </ClCompile>
  </ItemGroup>
  <ItemGroup>
    <CustomBuild Include="FrmPrincipal.h">
      <Filter>Header Files</Filter>
    </CustomBuild>
    <CustomBuild Include="FrmPrincipal.ui">
      <Filter>Form Files</Filter>
    </CustomBuild>
    <CustomBuild Include="resource.qrc">
      <Filter>Resource Files</Filter>
    </CustomBuild>
    <CustomBuild Include="FrmCadExtensao.h">
      <Filter>Header Files</Filter>
    </CustomBuild>
    <CustomBuild Include="FrmCadExtensao.ui">
      <Filter>Form Files</Filter>
    </CustomBuild>
    <CustomBuild Include="FrmCompararDiretorio.h">
      <Filter>Header Files</Filter>
    </CustomBuild>
    <CustomBuild Include="FrmCompararDiretorio.ui">
      <Filter>Form Files</Filter>
    </CustomBuild>
    <CustomBuild Include="FrmImportarDiretorio.h">
      <Filter>Header Files</Filter>
    </CustomBuild>
    <CustomBuild Include="FrmImportarDiretorio.ui">
      <Filter>Form Files</Filter>
    </CustomBuild>
    <CustomBuild Include="FrmInfoDiretorio.h">
      <Filter>Header Files</Filter>
    </CustomBuild>
    <CustomBuild Include="FrmInfoDiretorio.ui">
      <Filter>Form Files</Filter>
    </CustomBuild>
    <CustomBuild Include="FrmSobre.h">
      <Filter>Header Files</Filter>
    </CustomBuild>
    <CustomBuild Include="FrmSobre.ui">
      <Filter>Form Files</Filter>
    </CustomBuild>
    <CustomBuild Include="FrmSplash.h">
      <Filter>Header Files</Filter>
    </CustomBuild>
    <CustomBuild Include="FrmSplash.ui">
      <Filter>Form Files</Filter>
    </CustomBuild>
  </ItemGroup>
  <ItemGroup>
    <ClInclude Include="GeneratedFiles\ui_FrmPrincipal.h">
      <Filter>Generated Files</Filter>
    </ClInclude>
    <ClInclude Include="GeneratedFiles\ui_FrmCadExtensao.h">
      <Filter>Generated Files</Filter>
    </ClInclude>
    <ClInclude Include="GeneratedFiles\ui_FrmCompararDiretorio.h">
      <Filter>Generated Files</Filter>
    </ClInclude>
    <ClInclude Include="GeneratedFiles\ui_FrmImportarDiretorio.h">
      <Filter>Generated Files</Filter>
    </ClInclude>
    <ClInclude Include="GeneratedFiles\ui_FrmInfoDiretorio.h">
      <Filter>Generated Files</Filter>
    </ClInclude>
    <ClInclude Include="GeneratedFiles\ui_FrmSobre.h">
      <Filter>Generated Files</Filter>
    </ClInclude>
    <ClInclude Include="GeneratedFiles\ui_FrmSplash.h">
      <Filter>Generated Files</Filter>
    </ClInclude>
    <ClInclude Include="hfsguardadir\catalogador\Catalogador.h">
      <Filter>Header Files</Filter>
    </ClInclude>
    <ClInclude Include="hfsguardadir\catalogador\RotuloRaiz.h">
      <Filter>Header Files</Filter>
    </ClInclude>
    <ClInclude Include="hfsguardadir\comum\DiretorioXML.h">
      <Filter>Header Files</Filter>
    </ClInclude>
    <ClInclude Include="hfsguardadir\comum\Rotinas.h">
      <Filter>Header Files</Filter>
    </ClInclude>
    <ClInclude Include="hfsguardadir\objetos\Aba.h">
      <Filter>Header Files</Filter>
    </ClInclude>
    <ClInclude Include="hfsguardadir\objetos\Arquivo.h">
      <Filter>Header Files</Filter>
    </ClInclude>
    <ClInclude Include="hfsguardadir\objetos\ConexaoParams.h">
      <Filter>Header Files</Filter>
    </ClInclude>
    <ClInclude Include="hfsguardadir\objetos\Diretorio.h">
      <Filter>Header Files</Filter>
    </ClInclude>
    <ClInclude Include="hfsguardadir\objetos\DiretorioOrdem.h">
      <Filter>Header Files</Filter>
    </ClInclude>
    <ClInclude Include="hfsguardadir\objetos\Extensao.h">
      <Filter>Header Files</Filter>
    </ClInclude>
    <ClInclude Include="hfsguardadir\objetos\Importar.h">
      <Filter>Header Files</Filter>
    </ClInclude>
    <ClInclude Include="hfsguardadir\objetos\Tipo.h">
      <Filter>Header Files</Filter>
    </ClInclude>
    <ClInclude Include="hfsguardadir\objetosbo\AbaBO.h">
      <Filter>Header Files</Filter>
    </ClInclude>
    <ClInclude Include="hfsguardadir\objetosbo\DiretorioBO.h">
      <Filter>Header Files</Filter>
    </ClInclude>
    <ClInclude Include="hfsguardadir\objetosbo\ExtensaoBO.h">
      <Filter>Header Files</Filter>
    </ClInclude>
    <ClInclude Include="hfsguardadir\objetosbo\ImportarBO.h">
      <Filter>Header Files</Filter>
    </ClInclude>
    <ClInclude Include="hfsguardadir\objetosdao\AbaDAO.h">
      <Filter>Header Files</Filter>
    </ClInclude>
    <ClInclude Include="hfsguardadir\objetosdao\DiretorioDAO.h">
      <Filter>Header Files</Filter>
    </ClInclude>
    <ClInclude Include="hfsguardadir\objetosdao\ExtensaoDAO.h">
      <Filter>Header Files</Filter>
    </ClInclude>
    <ClInclude Include="hfsguardadir\objetosdao\VisaoDAO.h">
      <Filter>Header Files</Filter>
    </ClInclude>
    <ClInclude Include="hfsguardadir\objetosgui\Arvore.h">
      <Filter>Header Files</Filter>
    </ClInclude>
    <ClInclude Include="hfsguardadir\objetosgui\Dialogo.h">
      <Filter>Header Files</Filter>
    </ClInclude>
    <ClInclude Include="hfsguardadir\objetosgui\EscolhaArquivo.h">
      <Filter>Header Files</Filter>
    </ClInclude>
    <ClInclude Include="hfsguardadir\objetosgui\Tabela.h">
      <Filter>Header Files</Filter>
    </ClInclude>
  </ItemGroup>
  <ItemGroup>
    <None Include="hfsguardadiretorio_pt.ts">
      <Filter>Translation Files</Filter>
    </None>
  </ItemGroup>
</Project>