
Microsoft Visual Studio Solution File, Format Version 11.00
# Visual Studio 2010
# SharpDevelop 4.4
Project("{BD8E9625-815A-4BDB-B228-5D4F9C2541A1}") = "HFSGuardaDiretorio", "HFSGuardaDiretorio.rbproj", "{C42D7435-3E07-4239-9F91-9D11B95CBB46}"
EndProject
Global
	GlobalSection(SolutionConfigurationPlatforms) = preSolution
		Debug|Any CPU = Debug|Any CPU
		Release|Any CPU = Release|Any CPU
	EndGlobalSection
	GlobalSection(ProjectConfigurationPlatforms) = postSolution
		{C42D7435-3E07-4239-9F91-9D11B95CBB46}.Debug|Any CPU.Build.0 = Debug|Any CPU
		{C42D7435-3E07-4239-9F91-9D11B95CBB46}.Debug|Any CPU.ActiveCfg = Debug|Any CPU
		{C42D7435-3E07-4239-9F91-9D11B95CBB46}.Release|Any CPU.Build.0 = Release|Any CPU
		{C42D7435-3E07-4239-9F91-9D11B95CBB46}.Release|Any CPU.ActiveCfg = Release|Any CPU
	EndGlobalSection
EndGlobal
